// !$*UTF8*$!
{
	archiveVersion = 1;
	classes = {
	};
	objectVersion = 56;
	objects = {

/* Begin PBXBuildFile section */
		F73CC9BE2F326806006A0BC1 /* AppDelegate.swift in Sources */ = {isa = PBXBuildFile; fileRef = F73CC9BD2F326806006A0BC1 /* AppDelegate.swift */; };
		F73CC9C02F326806006A0BC1 /* SceneDelegate.swift in Sources */ = {isa = PBXBuildFile; fileRef = F73CC9BF2F326806006A0BC1 /* SceneDelegate.swift */; };
		F73CC9C22F326806006A0BC1 /* ViewController.swift in Sources */ = {isa = PBXBuildFile; fileRef = F73CC9C12F326806006A0BC1 /* ViewController.swift */; };
		F73CC9C52F326806006A0BC1 /* Main.storyboard in Resources */ = {isa = PBXBuildFile; fileRef = F73CC9C32F326806006A0BC1 /* Main.storyboard */; };
		F73CC9C72F32680C006A0BC1 /* Assets.xcassets in Resources */ = {isa = PBXBuildFile; fileRef = F73CC9C62F32680C006A0BC1 /* Assets.xcassets */; };
		F73CC9CA2F32680C006A0BC1 /* LaunchScreen.storyboard in Resources */ = {isa = PBXBuildFile; fileRef = F73CC9C82F32680C006A0BC1 /* LaunchScreen.storyboard */; };
		F73CC9D52F32680D006A0BC1 /* SunnyDayTests.swift in Sources */ = {isa = PBXBuildFile; fileRef = F73CC9D42F32680D006A0BC1 /* SunnyDayTests.swift */; };
		F73CC9DF2F32680D006A0BC1 /* SunnyDayUITests.swift in Sources */ = {isa = PBXBuildFile; fileRef = F73CC9DE2F32680D006A0BC1 /* SunnyDayUITests.swift */; };
		F73CC9E12F32680D006A0BC1 /* SunnyDayUITestsLaunchTests.swift in Sources */ = {isa = PBXBuildFile; fileRef = F73CC9E02F32680D006A0BC1 /* SunnyDayUITestsLaunchTests.swift */; };
/* End PBXBuildFile section */

/* Begin PBXContainerItemProxy section */
		F73CC9D12F32680D006A0BC1 /* PBXContainerItemProxy */ = {
			isa = PBXContainerItemProxy;
			containerPortal = F73CC9B22F326806006A0BC1 /* Project object */;
			proxyType = 1;
			remoteGlobalIDString = F73CC9B92F326806006A0BC1;
			remoteInfo = SunnyDay;
		};
		F73CC9DB2F32680D006A0BC1 /* PBXContainerItemProxy */ = {
			isa = PBXContainerItemProxy;
			containerPortal = F73CC9B22F326806006A0BC1 /* Project object */;
			proxyType = 1;
			remoteGlobalIDString = F73CC9B92F326806006A0BC1;
			remoteInfo = SunnyDay;
		};
/* End PBXContainerItemProxy section */

/* Begin PBXFileReference section */
		F73CC9BA2F326806006A0BC1 /* SunnyDay.app */ = {isa = PBXFileReference; explicitFileType = wrapper.application; includeInIndex = 0; path = SunnyDay.app; sourceTree = BUILT_PRODUCTS_DIR; };
		F73CC9BD2F326806006A0BC1 /* AppDelegate.swift */ = {isa = PBXFileReference; lastKnownFileType = sourcecode.swift; path = AppDelegate.swift; sourceTree = "<group>"; };
		F73CC9BF2F326806006A0BC1 /* SceneDelegate.swift */ = {isa = PBXFileReference; lastKnownFileType = sourcecode.swift; path = SceneDelegate.swift; sourceTree = "<group>"; };
		F73CC9C12F326806006A0BC1 /* ViewController.swift */ = {isa = PBXFileReference; lastKnownFileType = sourcecode.swift; path = ViewController.swift; sourceTree = "<group>"; };
		F73CC9C42F326806006A0BC1 /* Base */ = {isa = PBXFileReference; lastKnownFileType = file.storyboard; name = Base; path = Base.lproj/Main.storyboard; sourceTree = "<group>"; };
		F73CC9C62F32680C006A0BC1 /* Assets.xcassets */ = {isa = PBXFileReference; lastKnownFileType = folder.assetcatalog; path = Assets.xcassets; sourceTree = "<group>"; };
		F73CC9C92F32680C006A0BC1 /* Base */ = {isa = PBXFileReference; lastKnownFileType = file.storyboard; name = Base; path = Base.lproj/LaunchScreen.storyboard; sourceTree = "<group>"; };
		F73CC9CB2F32680C006A0BC1 /* Info.plist */ = {isa = PBXFileReference; lastKnownFileType = text.plist.xml; path = Info.plist; sourceTree = "<group>"; };
		F73CC9D02F32680D006A0BC1 /* SunnyDayTests.xctest */ = {isa = PBXFileReference; explicitFileType = wrapper.cfbundle; includeInIndex = 0; path = SunnyDayTests.xctest; sourceTree = BUILT_PRODUCTS_DIR; };
		F73CC9D42F32680D006A0BC1 /* SunnyDayTests.swift */ = {isa = PBXFileReference; lastKnownFileType = sourcecode.swift; path = SunnyDayTests.swift; sourceTree = "<group>"; };
		F73CC9DA2F32680D006A0BC1 /* SunnyDayUITests.xctest */ = {isa = PBXFileReference; explicitFileType = wrapper.cfbundle; includeInIndex = 0; path = SunnyDayUITests.xctest; sourceTree = BUILT_PRODUCTS_DIR; };
		F73CC9DE2F32680D006A0BC1 /* SunnyDayUITests.swift */ = {isa = PBXFileReference; lastKnownFileType = sourcecode.swift; path = SunnyDayUITests.swift; sourceTree = "<group>"; };
		F73CC9E02F32680D006A0BC1 /* SunnyDayUITestsLaunchTests.swift */ = {isa = PBXFileReference; lastKnownFileType = sourcecode.swift; path = SunnyDayUITestsLaunchTests.swift; sourceTree = "<group>"; };
		F73CC9ED2F326FA6006A0BC1 /* MyPlayground.playground */ = {isa = PBXFileReference; lastKnownFileType = file.playground; path = MyPlayground.playground; sourceTree = "<group>"; xcLanguageSpecificationIdentifier = xcode.lang.swift; };
/* End PBXFileReference section */

/* Begin PBXFrameworksBuildPhase section */
		F73CC9B72F326806006A0BC1 /* Frameworks */ = {
			isa = PBXFrameworksBuildPhase;
			buildActionMask = 2147483647;
			files = (
			);
			runOnlyForDeploymentPostprocessing = 0;
		};
		F73CC9CD2F32680D006A0BC1 /* Frameworks */ = {
			isa = PBXFrameworksBuildPhase;
			buildActionMask = 2147483647;
			files = (
			);
			runOnlyForDeploymentPostprocessing = 0;
		};
		F73CC9D72F32680D006A0BC1 /* Frameworks */ = {
			isa = PBXFrameworksBuildPhase;
			buildActionMask = 2147483647;
			files = (
			);
			runOnlyForDeploymentPostprocessing = 0;
		};
/* End PBXFrameworksBuildPhase section */

/* Begin PBXGroup section */
		F73CC9B12F326806006A0BC1 = {
			isa = PBXGroup;
			children = (
				F73CC9BC2F326806006A0BC1 /* SunnyDay */,
				F73CC9D32F32680D006A0BC1 /* SunnyDayTests */,
				F73CC9DD2F32680D006A0BC1 /* SunnyDayUITests */,
				F73CC9BB2F326806006A0BC1 /* Products */,
			);
			sourceTree = "<group>";
		};
		F73CC9BB2F326806006A0BC1 /* Products */ = {
			isa = PBXGroup;
			children = (
				F73CC9BA2F326806006A0BC1 /* SunnyDay.app */,
				F73CC9D02F32680D006A0BC1 /* SunnyDayTests.xctest */,
				F73CC9DA2F32680D006A0BC1 /* SunnyDayUITests.xctest */,
			);
			name = Products;
			sourceTree = "<group>";
		};
		F73CC9BC2F326806006A0BC1 /* SunnyDay */ = {
			isa = PBXGroup;
			children = (
				F73CC9BD2F326806006A0BC1 /* AppDelegate.swift */,
				F73CC9BF2F326806006A0BC1 /* SceneDelegate.swift */,
				F73CC9C12F326806006A0BC1 /* ViewController.swift */,
				F73CC9C32F326806006A0BC1 /* Main.storyboard */,
				F73CC9C62F32680C006A0BC1 /* Assets.xcassets */,
				F73CC9C82F32680C006A0BC1 /* LaunchScreen.storyboard */,
				F73CC9CB2F32680C006A0BC1 /* Info.plist */,
				F73CC9ED2F326FA6006A0BC1 /* MyPlayground.playground */,
			);
			path = SunnyDay;
			sourceTree = "<group>";
		};
		F73CC9D32F32680D006A0BC1 /* SunnyDayTests */ = {
			isa = PBXGroup;
			children = (
				F73CC9D42F32680D006A0BC1 /* SunnyDayTests.swift */,
			);
			path = SunnyDayTests;
			sourceTree = "<group>";
		};
		F73CC9DD2F32680D006A0BC1 /* SunnyDayUITests */ = {
			isa = PBXGroup;
			children = (
				F73CC9DE2F32680D006A0BC1 /* SunnyDayUITests.swift */,
				F73CC9E02F32680D006A0BC1 /* SunnyDayUITestsLaunchTests.swift */,
			);
			path = SunnyDayUITests;
			sourceTree = "<group>";
		};
/* End PBXGroup section */

/* Begin PBXNativeTarget section */
		F73CC9B92F326806006A0BC1 /* SunnyDay */ = {
			isa = PBXNativeTarget;
			buildConfigurationList = F73CC9E42F32680D006A0BC1 /* Build configuration list for PBXNativeTarget "SunnyDay" */;
			buildPhases = (
				F73CC9B62F326806006A0BC1 /* Sources */,
				F73CC9B72F326806006A0BC1 /* Frameworks */,
				F73CC9B82F326806006A0BC1 /* Resources */,
			);
			buildRules = (
			);
			dependencies = (
			);
			name = SunnyDay;
			productName = SunnyDay;
			productReference = F73CC9BA2F326806006A0BC1 /* SunnyDay.app */;
			productType = "com.apple.product-type.application";
		};
		F73CC9CF2F32680D006A0BC1 /* SunnyDayTests */ = {
			isa = PBXNativeTarget;
			buildConfigurationList = F73CC9E72F32680D006A0BC1 /* Build configuration list for PBXNativeTarget "SunnyDayTests" */;
			buildPhases = (
				F73CC9CC2F32680D006A0BC1 /* Sources */,
				F73CC9CD2F32680D006A0BC1 /* Frameworks */,
				F73CC9CE2F32680D006A0BC1 /* Resources */,
			);
			buildRules = (
			);
			dependencies = (
				F73CC9D22F32680D006A0BC1 /* PBXTargetDependency */,
			);
			name = SunnyDayTests;
			productName = SunnyDayTests;
			productReference = F73CC9D02F32680D006A0BC1 /* SunnyDayTests.xctest */;
			productType = "com.apple.product-type.bundle.unit-test";
		};
		F73CC9D92F32680D006A0BC1 /* SunnyDayUITests */ = {
			isa = PBXNativeTarget;
			buildConfigurationList = F73CC9EA2F32680D006A0BC1 /* Build configuration list for PBXNativeTarget "SunnyDayUITests" */;
			buildPhases = (
				F73CC9D62F32680D006A0BC1 /* Sources */,
				F73CC9D72F32680D006A0BC1 /* Frameworks */,
				F73CC9D82F32680D006A0BC1 /* Resources */,
			);
			buildRules = (
			);
			dependencies = (
				F73CC9DC2F32680D006A0BC1 /* PBXTargetDependency */,
			);
			name = SunnyDayUITests;
			productName = SunnyDayUITests;
			productReference = F73CC9DA2F32680D006A0BC1 /* SunnyDayUITests.xctest */;
			productType = "com.apple.product-type.bundle.ui-testing";
		};
/* End PBXNativeTarget section */

/* Begin PBXProject section */
		F73CC9B22F326806006A0BC1 /* Project object */ = {
			isa = PBXProject;
			attributes = {
				BuildIndependentTargetsInParallel = 1;
				LastSwiftUpdateCheck = 1520;
				LastUpgradeCheck = 1520;
				TargetAttributes = {
					F73CC9B92F326806006A0BC1 = {
						CreatedOnToolsVersion = 15.2;
					};
					F73CC9CF2F32680D006A0BC1 = {
						CreatedOnToolsVersion = 15.2;
						TestTargetID = F73CC9B92F326806006A0BC1;
					};
					F73CC9D92F32680D006A0BC1 = {
						CreatedOnToolsVersion = 15.2;
						TestTargetID = F73CC9B92F326806006A0BC1;
					};
				};
			};
			buildConfigurationList = F73CC9B52F326806006A0BC1 /* Build configuration list for PBXProject "SunnyDay" */;
			compatibilityVersion = "Xcode 14.0";
			developmentRegion = en;
			hasScannedForEncodings = 0;
			knownRegions = (
				en,
				Base,
			);
			mainGroup = F73CC9B12F326806006A0BC1;
			productRefGroup = F73CC9BB2F326806006A0BC1 /* Products */;
			projectDirPath = "";
			projectRoot = "";
			targets = (
				F73CC9B92F326806006A0BC1 /* SunnyDay */,
				F73CC9CF2F32680D006A0BC1 /* SunnyDayTests */,
				F73CC9D92F32680D006A0BC1 /* SunnyDayUITests */,
			);
		};
/* End PBXProject section */

/* Begin PBXResourcesBuildPhase section */
		F73CC9B82F326806006A0BC1 /* Resources */ = {
			isa = PBXResourcesBuildPhase;
			buildActionMask = 2147483647;
			files = (
				F73CC9CA2F32680C006A0BC1 /* LaunchScreen.storyboard in Resources */,
				F73CC9C72F32680C006A0BC1 /* Assets.xcassets in Resources */,
				F73CC9C52F326806006A0BC1 /* Main.storyboard in Resources */,
			);
			runOnlyForDeploymentPostprocessing = 0;
		};
		F73CC9CE2F32680D006A0BC1 /* Resources */ = {
			isa = PBXResourcesBuildPhase;
			buildActionMask = 2147483647;
			files = (
			);
			runOnlyForDeploymentPostprocessing = 0;
		};
		F73CC9D82F32680D006A0BC1 /* Resources */ = {
			isa = PBXResourcesBuildPhase;
			buildActionMask = 2147483647;
			files = (
			);
			runOnlyForDeploymentPostprocessing = 0;
		};
/* End PBXResourcesBuildPhase section */

/* Begin PBXSourcesBuildPhase section */
		F73CC9B62F326806006A0BC1 /* Sources */ = {
			isa = PBXSourcesBuildPhase;
			buildActionMask = 2147483647;
			files = (
				F73CC9C22F326806006A0BC1 /* ViewController.swift in Sources */,
				F73CC9BE2F326806006A0BC1 /* AppDelegate.swift in Sources */,
				F73CC9C02F326806006A0BC1 /* SceneDelegate.swift in Sources */,
			);
			runOnlyForDeploymentPostprocessing = 0;
		};
		F73CC9CC2F32680D006A0BC1 /* Sources */ = {
			isa = PBXSourcesBuildPhase;
			buildActionMask = 2147483647;
			files = (
				F73CC9D52F32680D006A0BC1 /* SunnyDayTests.swift in Sources */,
			);
			runOnlyForDeploymentPostprocessing = 0;
		};
		F73CC9D62F32680D006A0BC1 /* Sources */ = {
			isa = PBXSourcesBuildPhase;
			buildActionMask = 2147483647;
			files = (
				F73CC9E12F32680D006A0BC1 /* SunnyDayUITestsLaunchTests.swift in Sources */,
				F73CC9DF2F32680D006A0BC1 /* SunnyDayUITests.swift in Sources */,
			);
			runOnlyForDeploymentPostprocessing = 0;
		};
/* End PBXSourcesBuildPhase section */

/* Begin PBXTargetDependency section */
		F73CC9D22F32680D006A0BC1 /* PBXTargetDependency */ = {
			isa = PBXTargetDependency;
			target = F73CC9B92F326806006A0BC1 /* SunnyDay */;
			targetProxy = F73CC9D12F32680D006A0BC1 /* PBXContainerItemProxy */;
		};
		F73CC9DC2F32680D006A0BC1 /* PBXTargetDependency */ = {
			isa = PBXTargetDependency;
			target = F73CC9B92F326806006A0BC1 /* SunnyDay */;
			targetProxy = F73CC9DB2F32680D006A0BC1 /* PBXContainerItemProxy */;
		};
/* End PBXTargetDependency section */

/* Begin PBXVariantGroup section */
		F73CC9C32F326806006A0BC1 /* Main.storyboard */ = {
			isa = PBXVariantGroup;
			children = (
				F73CC9C42F326806006A0BC1 /* Base */,
			);
			name = Main.storyboard;
			sourceTree = "<group>";
		};
		F73CC9C82F32680C006A0BC1 /* LaunchScreen.storyboard */ = {
			isa = PBXVariantGroup;
			children = (
				F73CC9C92F32680C006A0BC1 /* Base */,
			);
			name = LaunchScreen.storyboard;
			sourceTree = "<group>";
		};
/* End PBXVariantGroup section */

/* Begin XCBuildConfiguration section */
		F73CC9E22F32680D006A0BC1 /* Debug */ = {
			isa = XCBuildConfiguration;
			buildSettings = {
				ALWAYS_SEARCH_USER_PATHS = NO;
				ASSETCATALOG_COMPILER_GENERATE_SWIFT_ASSET_SYMBOL_EXTENSIONS = YES;
				CLANG_ANALYZER_NONNULL = YES;
				CLANG_ANALYZER_NUMBER_OBJECT_CONVERSION = YES_AGGRESSIVE;
				CLANG_CXX_LANGUAGE_STANDARD = "gnu++20";
				CLANG_ENABLE_MODULES = YES;
				CLANG_ENABLE_OBJC_ARC = YES;
				CLANG_ENABLE_OBJC_WEAK = YES;
				CLANG_WARN_BLOCK_CAPTURE_AUTORELEASING = YES;
				CLANG_WARN_BOOL_CONVERSION = YES;
				CLANG_WARN_COMMA = YES;
				CLANG_WARN_CONSTANT_CONVERSION = YES;
				CLANG_WARN_DEPRECATED_OBJC_IMPLEMENTATIONS = YES;
				CLANG_WARN_DIRECT_OBJC_ISA_USAGE = YES_ERROR;
				CLANG_WARN_DOCUMENTATION_COMMENTS = YES;
				CLANG_WARN_EMPTY_BODY = YES;
				CLANG_WARN_ENUM_CONVERSION = YES;
				CLANG_WARN_INFINITE_RECURSION = YES;
				CLANG_WARN_INT_CONVERSION = YES;
				CLANG_WARN_NON_LITERAL_NULL_CONVERSION = YES;
				CLANG_WARN_OBJC_IMPLICIT_RETAIN_SELF = YES;
				CLANG_WARN_OBJC_LITERAL_CONVERSION = YES;
				CLANG_WARN_OBJC_ROOT_CLASS = YES_ERROR;
				CLANG_WARN_QUOTED_INCLUDE_IN_FRAMEWORK_HEADER = YES;
				CLANG_WARN_RANGE_LOOP_ANALYSIS = YES;
				CLANG_WARN_STRICT_PROTOTYPES = YES;
				CLANG_WARN_SUSPICIOUS_MOVE = YES;
				CLANG_WARN_UNGUARDED_AVAILABILITY = YES_AGGRESSIVE;
				CLANG_WARN_UNREACHABLE_CODE = YES;
				CLANG_WARN__DUPLICATE_METHOD_MATCH = YES;
				COPY_PHASE_STRIP = NO;
				DEBUG_INFORMATION_FORMAT = dwarf;
				ENABLE_STRICT_OBJC_MSGSEND = YES;
				ENABLE_TESTABILITY = YES;
				ENABLE_USER_SCRIPT_SANDBOXING = YES;
				GCC_C_LANGUAGE_STANDARD = gnu17;
				GCC_DYNAMIC_NO_PIC = NO;
				GCC_NO_COMMON_BLOCKS = YES;
				GCC_OPTIMIZATION_LEVEL = 0;
				GCC_PREPROCESSOR_DEFINITIONS = (
					"DEBUG=1",
					"$(inherited)",
				);
				GCC_WARN_64_TO_32_BIT_CONVERSION = YES;
				GCC_WARN_ABOUT_RETURN_TYPE = YES_ERROR;
				GCC_WARN_UNDECLARED_SELECTOR = YES;
				GCC_WARN_UNINITIALIZED_AUTOS = YES_AGGRESSIVE;
				GCC_WARN_UNUSED_FUNCTION = YES;
				GCC_WARN_UNUSED_VARIABLE = YES;
				IPHONEOS_DEPLOYMENT_TARGET = 17.2;
				LOCALIZATION_PREFERS_STRING_CATALOGS = YES;
				MTL_ENABLE_DEBUG_INFO = INCLUDE_SOURCE;
				MTL_FAST_MATH = YES;
				ONLY_ACTIVE_ARCH = YES;
				SDKROOT = iphoneos;
				SWIFT_ACTIVE_COMPILATION_CONDITIONS = "DEBUG $(inherited)";
				SWIFT_OPTIMIZATION_LEVEL = "-Onone";
			};
			name = Debug;
		};
		F73CC9E32F32680D006A0BC1 /* Release */ = {
			isa = XCBuildConfiguration;
			buildSettings = {
				ALWAYS_SEARCH_USER_PATHS = NO;
				ASSETCATALOG_COMPILER_GENERATE_SWIFT_ASSET_SYMBOL_EXTENSIONS = YES;
				CLANG_ANALYZER_NONNULL = YES;
				CLANG_ANALYZER_NUMBER_OBJECT_CONVERSION = YES_AGGRESSIVE;
				CLANG_CXX_LANGUAGE_STANDARD = "gnu++20";
				CLANG_ENABLE_MODULES = YES;
				CLANG_ENABLE_OBJC_ARC = YES;
				CLANG_ENABLE_OBJC_WEAK = YES;
				CLANG_WARN_BLOCK_CAPTURE_AUTORELEASING = YES;
				CLANG_WARN_BOOL_CONVERSION = YES;
				CLANG_WARN_COMMA = YES;
				CLANG_WARN_CONSTANT_CONVERSION = YES;
				CLANG_WARN_DEPRECATED_OBJC_IMPLEMENTATIONS = YES;
				CLANG_WARN_DIRECT_OBJC_ISA_USAGE = YES_ERROR;
				CLANG_WARN_DOCUMENTATION_COMMENTS = YES;
				CLANG_WARN_EMPTY_BODY = YES;
				CLANG_WARN_ENUM_CONVERSION = YES;
				CLANG_WARN_INFINITE_RECURSION = YES;
				CLANG_WARN_INT_CONVERSION = YES;
				CLANG_WARN_NON_LITERAL_NULL_CONVERSION = YES;
				CLANG_WARN_OBJC_IMPLICIT_RETAIN_SELF = YES;
				CLANG_WARN_OBJC_LITERAL_CONVERSION = YES;
				CLANG_WARN_OBJC_ROOT_CLASS = YES_ERROR;
				CLANG_WARN_QUOTED_INCLUDE_IN_FRAMEWORK_HEADER = YES;
				CLANG_WARN_RANGE_LOOP_ANALYSIS = YES;
				CLANG_WARN_STRICT_PROTOTYPES = YES;
				CLANG_WARN_SUSPICIOUS_MOVE = YES;
				CLANG_WARN_UNGUARDED_AVAILABILITY = YES_AGGRESSIVE;
				CLANG_WARN_UNREACHABLE_CODE = YES;
				CLANG_WARN__DUPLICATE_METHOD_MATCH = YES;
				COPY_PHASE_STRIP = NO;
				DEBUG_INFORMATION_FORMAT = "dwarf-with-dsym";
				ENABLE_NS_ASSERTIONS = NO;
				ENABLE_STRICT_OBJC_MSGSEND = YES;
				ENABLE_USER_SCRIPT_SANDBOXING = YES;
				GCC_C_LANGUAGE_STANDARD = gnu17;
				GCC_NO_COMMON_BLOCKS = YES;
				GCC_WARN_64_TO_32_BIT_CONVERSION = YES;
				GCC_WARN_ABOUT_RETURN_TYPE = YES_ERROR;
				GCC_WARN_UNDECLARED_SELECTOR = YES;
				GCC_WARN_UNINITIALIZED_AUTOS = YES_AGGRESSIVE;
				GCC_WARN_UNUSED_FUNCTION = YES;
				GCC_WARN_UNUSED_VARIABLE = YES;
				IPHONEOS_DEPLOYMENT_TARGET = 17.2;
				LOCALIZATION_PREFERS_STRING_CATALOGS = YES;
				MTL_ENABLE_DEBUG_INFO = NO;
				MTL_FAST_MATH = YES;
				SDKROOT = iphoneos;
				SWIFT_COMPILATION_MODE = wholemodule;
				VALIDATE_PRODUCT = YES;
			};
			name = Release;
		};
		F73CC9E52F32680D006A0BC1 /* Debug */ = {
			isa = XCBuildConfiguration;
			buildSettings = {
				ASSETCATALOG_COMPILER_APPICON_NAME = AppIcon;
				ASSETCATALOG_COMPILER_GLOBAL_ACCENT_COLOR_NAME = AccentColor;
				CODE_SIGN_STYLE = Automatic;
				CURRENT_PROJECT_VERSION = 1;
				DEVELOPMENT_TEAM = C4ZVU7NX67;
				GENERATE_INFOPLIST_FILE = YES;
				INFOPLIST_FILE = SunnyDay/Info.plist;
				INFOPLIST_KEY_UIApplicationSupportsIndirectInputEvents = YES;
				INFOPLIST_KEY_UILaunchStoryboardName = LaunchScreen;
				INFOPLIST_KEY_UIMainStoryboardFile = Main;
				INFOPLIST_KEY_UISupportedInterfaceOrientations_iPad = "UIInterfaceOrientationPortrait UIInterfaceOrientationPortraitUpsideDown UIInterfaceOrientationLandscapeLeft UIInterfaceOrientationLandscapeRight";
				INFOPLIST_KEY_UISupportedInterfaceOrientations_iPhone = "UIInterfaceOrientationPortrait UIInterfaceOrientationLandscapeLeft UIInterfaceOrientationLandscapeRight";
				LD_RUNPATH_SEARCH_PATHS = (
					"$(inherited)",
					"@executable_path/Frameworks",
				);
				MARKETING_VERSION = 1.0;
				PRODUCT_BUNDLE_IDENTIFIER = com.SwiftPractice.SunnyDay;
				PRODUCT_NAME = "$(TARGET_NAME)";
				SWIFT_EMIT_LOC_STRINGS = YES;
				SWIFT_VERSION = 5.0;
				TARGETED_DEVICE_FAMILY = "1,2";
			};
			name = Debug;
		};
		F73CC9E62F32680D006A0BC1 /* Release */ = {
			isa = XCBuildConfiguration;
			buildSettings = {
				ASSETCATALOG_COMPILER_APPICON_NAME = AppIcon;
				ASSETCATALOG_COMPILER_GLOBAL_ACCENT_COLOR_NAME = AccentColor;
				CODE_SIGN_STYLE = Automatic;
				CURRENT_PROJECT_VERSION = 1;
				DEVELOPMENT_TEAM = C4ZVU7NX67;
				GENERATE_INFOPLIST_FILE = YES;
				INFOPLIST_FILE = SunnyDay/Info.plist;
				INFOPLIST_KEY_UIApplicationSupportsIndirectInputEvents = YES;
				INFOPLIST_KEY_UILaunchStoryboardName = LaunchScreen;
				INFOPLIST_KEY_UIMainStoryboardFile = Main;
				INFOPLIST_KEY_UISupportedInterfaceOrientations_iPad = "UIInterfaceOrientationPortrait UIInterfaceOrientationPortraitUpsideDown UIInterfaceOrientationLandscapeLeft UIInterfaceOrientationLandscapeRight";
				INFOPLIST_KEY_UISupportedInterfaceOrientations_iPhone = "UIInterfaceOrientationPortrait UIInterfaceOrientationLandscapeLeft UIInterfaceOrientationLandscapeRight";
				LD_RUNPATH_SEARCH_PATHS = (
					"$(inherited)",
					"@executable_path/Frameworks",
				);
				MARKETING_VERSION = 1.0;
				PRODUCT_BUNDLE_IDENTIFIER = com.SwiftPractice.SunnyDay;
				PRODUCT_NAME = "$(TARGET_NAME)";
				SWIFT_EMIT_LOC_STRINGS = YES;
				SWIFT_VERSION = 5.0;
				TARGETED_DEVICE_FAMILY = "1,2";
			};
			name = Release;
		};
		F73CC9E82F32680D006A0BC1 /* Debug */ = {
			isa = XCBuildConfiguration;
			buildSettings = {
				ALWAYS_EMBED_SWIFT_STANDARD_LIBRARIES = YES;
				BUNDLE_LOADER = "$(TEST_HOST)";
				CODE_SIGN_STYLE = Automatic;
				CURRENT_PROJECT_VERSION = 1;
				DEVELOPMENT_TEAM = C4ZVU7NX67;
				GENERATE_INFOPLIST_FILE = YES;
				IPHONEOS_DEPLOYMENT_TARGET = 17.2;
				MARKETING_VERSION = 1.0;
				PRODUCT_BUNDLE_IDENTIFIER = com.SwiftPractice.SunnyDayTests;
				PRODUCT_NAME = "$(TARGET_NAME)";
				SWIFT_EMIT_LOC_STRINGS = NO;
				SWIFT_VERSION = 5.0;
				TARGETED_DEVICE_FAMILY = "1,2";
				TEST_HOST = "$(BUILT_PRODUCTS_DIR)/SunnyDay.app/$(BUNDLE_EXECUTABLE_FOLDER_PATH)/SunnyDay";
			};
			name = Debug;
		};
		F73CC9E92F32680D006A0BC1 /* Release */ = {
			isa = XCBuildConfiguration;
			buildSettings = {
				ALWAYS_EMBED_SWIFT_STANDARD_LIBRARIES = YES;
				BUNDLE_LOADER = "$(TEST_HOST)";
				CODE_SIGN_STYLE = Automatic;
				CURRENT_PROJECT_VERSION = 1;
				DEVELOPMENT_TEAM = C4ZVU7NX67;
				GENERATE_INFOPLIST_FILE = YES;
				IPHONEOS_DEPLOYMENT_TARGET = 17.2;
				MARKETING_VERSION = 1.0;
				PRODUCT_BUNDLE_IDENTIFIER = com.SwiftPractice.SunnyDayTests;
				PRODUCT_NAME = "$(TARGET_NAME)";
				SWIFT_EMIT_LOC_STRINGS = NO;
				SWIFT_VERSION = 5.0;
				TARGETED_DEVICE_FAMILY = "1,2";
				TEST_HOST = "$(BUILT_PRODUCTS_DIR)/SunnyDay.app/$(BUNDLE_EXECUTABLE_FOLDER_PATH)/SunnyDay";
			};
			name = Release;
		};
		F73CC9EB2F32680D006A0BC1 /* Debug */ = {
			isa = XCBuildConfiguration;
			buildSettings = {
				ALWAYS_EMBED_SWIFT_STANDARD_LIBRARIES = YES;
				CODE_SIGN_STYLE = Automatic;
				CURRENT_PROJECT_VERSION = 1;
				DEVELOPMENT_TEAM = C4ZVU7NX67;
				GENERATE_INFOPLIST_FILE = YES;
				MARKETING_VERSION = 1.0;
				PRODUCT_BUNDLE_IDENTIFIER = com.SwiftPractice.SunnyDayUITests;
				PRODUCT_NAME = "$(TARGET_NAME)";
				SWIFT_EMIT_LOC_STRINGS = NO;
				SWIFT_VERSION = 5.0;
				TARGETED_DEVICE_FAMILY = "1,2";
				TEST_TARGET_NAME = SunnyDay;
			};
			name = Debug;
		};
		F73CC9EC2F32680D006A0BC1 /* Release */ = {
			isa = XCBuildConfiguration;
			buildSettings = {
				ALWAYS_EMBED_SWIFT_STANDARD_LIBRARIES = YES;
				CODE_SIGN_STYLE = Automatic;
				CURRENT_PROJECT_VERSION = 1;
				DEVELOPMENT_TEAM = C4ZVU7NX67;
				GENERATE_INFOPLIST_FILE = YES;
				MARKETING_VERSION = 1.0;
				PRODUCT_BUNDLE_IDENTIFIER = com.SwiftPractice.SunnyDayUITests;
				PRODUCT_NAME = "$(TARGET_NAME)";
				SWIFT_EMIT_LOC_STRINGS = NO;
				SWIFT_VERSION = 5.0;
				TARGETED_DEVICE_FAMILY = "1,2";
				TEST_TARGET_NAME = SunnyDay;
			};
			name = Release;
		};
/* End XCBuildConfiguration section */

/* Begin XCConfigurationList section */
		F73CC9B52F326806006A0BC1 /* Build configuration list for PBXProject "SunnyDay" */ = {
			isa = XCConfigurationList;
			buildConfigurations = (
				F73CC9E22F32680D006A0BC1 /* Debug */,
				F73CC9E32F32680D006A0BC1 /* Release */,
			);
			defaultConfigurationIsVisible = 0;
			defaultConfigurationName = Release;
		};
		F73CC9E42F32680D006A0BC1 /* Build configuration list for PBXNativeTarget "SunnyDay" */ = {
			isa = XCConfigurationList;
			buildConfigurations = (
				F73CC9E52F32680D006A0BC1 /* Debug */,
				F73CC9E62F32680D006A0BC1 /* Release */,
			);
			defaultConfigurationIsVisible = 0;
			defaultConfigurationName = Release;
		};
		F73CC9E72F32680D006A0BC1 /* Build configuration list for PBXNativeTarget "SunnyDayTests" */ = {
			isa = XCConfigurationList;
			buildConfigurations = (
				F73CC9E82F32680D006A0BC1 /* Debug */,
				F73CC9E92F32680D006A0BC1 /* Release */,
			);
			defaultConfigurationIsVisible = 0;
			defaultConfigurationName = Release;
		};
		F73CC9EA2F32680D006A0BC1 /* Build configuration list for PBXNativeTarget "SunnyDayUITests" */ = {
			isa = XCConfigurationList;
			buildConfigurations = (
				F73CC9EB2F32680D006A0BC1 /* Debug */,
				F73CC9EC2F32680D006A0BC1 /* Release */,
			);
			defaultConfigurationIsVisible = 0;
			defaultConfigurationName = Release;
		};
/* End XCConfigurationList section */
	};
	rootObject = F73CC9B22F326806006A0BC1 /* Project object */;
}
